# THIS IS AN AUTOGENERATED FILE. DO NOT EDIT THIS FILE DIRECTLY.
# yarn lockfile v1


husky@^9.1.4:
  version "9.1.4"
  resolved "https://registry.yarnpkg.com/husky/-/husky-9.1.4.tgz#926fd19c18d345add5eab0a42b2b6d9a80259b34"
  integrity sha512-bho94YyReb4JV7LYWRWxZ/xr6TtOTt8cMfmQ39MQYJ7f/YE268s3GdghGwi+y4zAeqewE5zYLvuhV0M0ijsDEA==
